PODS:
  - Alamofire (3.3.1)
  - Moya/Core (6.4.0):
    - Alamofire (~> 3.0)
    - Result (~> 2.0)
  - Moya/RxSwift (6.4.0):
    - Moya/Core
    - RxSwift (~> 2.0)
  - ObjectMapper (1.2.0)
  - Result (2.0.0)
  - RxCocoa (2.4):
    - RxSwift (~> 2.4)
  - RxSwift (2.4)
  - SVProgressHUD (2.0.3)
  - SwiftyJSON (2.3.2)

DEPENDENCIES:
  - Moya/RxSwift
  - ObjectMapper (~> 1.2)
  - RxCocoa (~> 2.0)
  - RxSwift (~> 2.0)
  - SVProgressHUD (~> 2.0.3)
  - SwiftyJSON

SPEC CHECKSUMS:
  Alamofire: 369bc67b6f5ac33ded3648d7bd21c5bfb91c2ecc
  Moya: 4d526954c8afd79820991393d40d7d8af756ceee
  ObjectMapper: b1e9c7c8a9f6400b72690c80072c131504caa66f
  Result: 9e75e1111c774c6ac594e14907b15057053a7959
  RxCocoa: 7d6cd877de99f5640306b3d6cf87f580c1d91b61
  RxSwift: 67b9ef4e8b34fb394e200e754c6a09cc16559f94
  SVProgressHUD: b0830714205bea1317ea1a2ebc71e5633af334d4
  SwiftyJSON: 04ccea08915aa0109039157c7974cf0298da292a

COCOAPODS: 0.39.0
